
Microsoft Visual Studio Solution File, Format Version 12.00
# Visual Studio Version 17
VisualStudioVersion = 17.2.32516.85
MinimumVisualStudioVersion = 10.0.40219.1
Project("{FAE04EC0-301F-11D3-BF4B-00C04F79EFBC}") = "ConsoleApp5", "ConsoleApp5\ConsoleApp5.csproj", "{F8AC6237-953E-464F-885E-B9694C35969F}"
EndProject
Global
	GlobalSection(SolutionConfigurationPlatforms) = preSolution
		Debug|Any CPU = Debug|Any CPU
		Release|Any CPU = Release|Any CPU
	EndGlobalSection
	GlobalSection(ProjectConfigurationPlatforms) = postSolution
		{F8AC6237-953E-464F-885E-B9694C35969F}.Debug|Any CPU.ActiveCfg = Debug|Any CPU
		{F8AC6237-953E-464F-885E-B9694C35969F}.Debug|Any CPU.Build.0 = Debug|Any CPU
		{F8AC6237-953E-464F-885E-B9694C35969F}.Release|Any CPU.ActiveCfg = Release|Any CPU
		{F8AC6237-953E-464F-885E-B9694C35969F}.Release|Any CPU.Build.0 = Release|Any CPU
	EndGlobalSection
	GlobalSection(SolutionProperties) = preSolution
		HideSolutionNode = FALSE
	EndGlobalSection
	GlobalSection(ExtensibilityGlobals) = postSolution
		SolutionGuid = {A5F25085-779C-4D14-B2D9-E2E9909E75CB}
	EndGlobalSection
EndGlobal
